// !$*UTF8*$!
{
	archiveVersion = 1;
	classes = {
	};
	objectVersion = 48;
	objects = {

/* Begin PBXBuildFile section */
		0550A54F268E550300CFF88E /* MovieResponse.swift in Sources */ = {isa = PBXBuildFile; fileRef = 0550A54E268E550300CFF88E /* MovieResponse.swift */; };
		0550A551268E65AD00CFF88E /* MoviesViewController.swift in Sources */ = {isa = PBXBuildFile; fileRef = 0550A550268E65AD00CFF88E /* MoviesViewController.swift */; };
		0550A554268E702800CFF88E /* UpcomingPresenterTest.swift in Sources */ = {isa = PBXBuildFile; fileRef = 0550A553268E702800CFF88E /* UpcomingPresenterTest.swift */; };
		0550A557268E70EC00CFF88E /* MoviesAppPresenter.swift in Sources */ = {isa = PBXBuildFile; fileRef = 0550A556268E70EC00CFF88E /* MoviesAppPresenter.swift */; };
		05BF73C8268D69DA008AA7AF /* TopRatedViewController.swift in Sources */ = {isa = PBXBuildFile; fileRef = 05BF73C7268D69DA008AA7AF /* TopRatedViewController.swift */; };
		05BF73D5268D71E7008AA7AF /* MoviesContract.swift in Sources */ = {isa = PBXBuildFile; fileRef = 05BF73D4268D71E7008AA7AF /* MoviesContract.swift */; };
		05BF73D7268D7317008AA7AF /* UpcomingPresenter.swift in Sources */ = {isa = PBXBuildFile; fileRef = 05BF73D6268D7317008AA7AF /* UpcomingPresenter.swift */; };
		05BF73E6268D7715008AA7AF /* JSONParameterEncoder.swift in Sources */ = {isa = PBXBuildFile; fileRef = 05BF73E3268D7715008AA7AF /* JSONParameterEncoder.swift */; };
		05BF73E7268D7715008AA7AF /* ParameterEncoding.swift in Sources */ = {isa = PBXBuildFile; fileRef = 05BF73E4268D7715008AA7AF /* ParameterEncoding.swift */; };
		05BF73E8268D7715008AA7AF /* URLParameterEncoding.swift in Sources */ = {isa = PBXBuildFile; fileRef = 05BF73E5268D7715008AA7AF /* URLParameterEncoding.swift */; };
		05C8C596268E9A5A00146E3D /* MockUpcomingView.swift in Sources */ = {isa = PBXBuildFile; fileRef = 05C8C595268E9A5A00146E3D /* MockUpcomingView.swift */; };
		05C8C598268E9EC700146E3D /* MockNetworkManager.swift in Sources */ = {isa = PBXBuildFile; fileRef = 05C8C597268E9EC700146E3D /* MockNetworkManager.swift */; };
		05D4B943268D77EC003FF6B4 /* MovieEndPoint.swift in Sources */ = {isa = PBXBuildFile; fileRef = 05D4B942268D77EC003FF6B4 /* MovieEndPoint.swift */; };
		05D4B945268D77FB003FF6B4 /* NetworkManager.swift in Sources */ = {isa = PBXBuildFile; fileRef = 05D4B944268D77FB003FF6B4 /* NetworkManager.swift */; };
		05D4B94E268D780F003FF6B4 /* HTTPTask.swift in Sources */ = {isa = PBXBuildFile; fileRef = 05D4B948268D780F003FF6B4 /* HTTPTask.swift */; };
		05D4B94F268D780F003FF6B4 /* NetworkLogger.swift in Sources */ = {isa = PBXBuildFile; fileRef = 05D4B949268D780F003FF6B4 /* NetworkLogger.swift */; };
		05D4B950268D780F003FF6B4 /* EndPointType.swift in Sources */ = {isa = PBXBuildFile; fileRef = 05D4B94A268D780F003FF6B4 /* EndPointType.swift */; };
		05D4B951268D780F003FF6B4 /* HTTPMethod.swift in Sources */ = {isa = PBXBuildFile; fileRef = 05D4B94B268D780F003FF6B4 /* HTTPMethod.swift */; };
		05D4B952268D780F003FF6B4 /* NetworkROUTER.swift in Sources */ = {isa = PBXBuildFile; fileRef = 05D4B94C268D780F003FF6B4 /* NetworkROUTER.swift */; };
		05D4B955268D795E003FF6B4 /* Movie.swift in Sources */ = {isa = PBXBuildFile; fileRef = 05D4B954268D795E003FF6B4 /* Movie.swift */; };
		05DD7BD2268D4F2200EABAB5 /* AppDelegate.swift in Sources */ = {isa = PBXBuildFile; fileRef = 05DD7BD1268D4F2200EABAB5 /* AppDelegate.swift */; };
		05DD7BD4268D4F2200EABAB5 /* PopularViewController.swift in Sources */ = {isa = PBXBuildFile; fileRef = 05DD7BD3268D4F2200EABAB5 /* PopularViewController.swift */; };
		05DD7BD6268D4F2200EABAB5 /* UpcomingViewController.swift in Sources */ = {isa = PBXBuildFile; fileRef = 05DD7BD5268D4F2200EABAB5 /* UpcomingViewController.swift */; };
		05DD7BD9268D4F2200EABAB5 /* Main.storyboard in Resources */ = {isa = PBXBuildFile; fileRef = 05DD7BD7268D4F2200EABAB5 /* Main.storyboard */; };
		05DD7BDB268D4F2200EABAB5 /* Assets.xcassets in Resources */ = {isa = PBXBuildFile; fileRef = 05DD7BDA268D4F2200EABAB5 /* Assets.xcassets */; };
		05DD7BDE268D4F2200EABAB5 /* LaunchScreen.storyboard in Resources */ = {isa = PBXBuildFile; fileRef = 05DD7BDC268D4F2200EABAB5 /* LaunchScreen.storyboard */; };
		05DD7BE9268D4F2200EABAB5 /* movieDbAppTests.swift in Sources */ = {isa = PBXBuildFile; fileRef = 05DD7BE8268D4F2200EABAB5 /* movieDbAppTests.swift */; };
		05EDBBC8268EABE600177B5F /* TopRatedPresenter.swift in Sources */ = {isa = PBXBuildFile; fileRef = 05EDBBC7268EABE600177B5F /* TopRatedPresenter.swift */; };
		05EDBBCA268EABF200177B5F /* PopularPresenter.swift in Sources */ = {isa = PBXBuildFile; fileRef = 05EDBBC9268EABF200177B5F /* PopularPresenter.swift */; };
		05EDBBCD268EB75400177B5F /* MovieCell.swift in Sources */ = {isa = PBXBuildFile; fileRef = 05EDBBCC268EB75400177B5F /* MovieCell.swift */; };
		05EDBBD0268ED7F100177B5F /* MovieDetailContract.swift in Sources */ = {isa = PBXBuildFile; fileRef = 05EDBBCF268ED7F100177B5F /* MovieDetailContract.swift */; };
		05EDBBD2268ED7FC00177B5F /* MovieDetailPresenter.swift in Sources */ = {isa = PBXBuildFile; fileRef = 05EDBBD1268ED7FC00177B5F /* MovieDetailPresenter.swift */; };
		05EDBBD4268ED80900177B5F /* MovieDetailViewController.swift in Sources */ = {isa = PBXBuildFile; fileRef = 05EDBBD3268ED80900177B5F /* MovieDetailViewController.swift */; };
		05EDBBD8268EFA7D00177B5F /* MovieDetailPresenterTest.swift in Sources */ = {isa = PBXBuildFile; fileRef = 05EDBBD7268EFA7D00177B5F /* MovieDetailPresenterTest.swift */; };
		05EDBBDA268EFAE400177B5F /* MockDetailsView.swift in Sources */ = {isa = PBXBuildFile; fileRef = 05EDBBD9268EFAE400177B5F /* MockDetailsView.swift */; };
/* End PBXBuildFile section */

/* Begin PBXContainerItemProxy section */
		05DD7BE5268D4F2200EABAB5 /* PBXContainerItemProxy */ = {
			isa = PBXContainerItemProxy;
			containerPortal = 05DD7BC6268D4F2200EABAB5 /* Project object */;
			proxyType = 1;
			remoteGlobalIDString = 05DD7BCD268D4F2200EABAB5;
			remoteInfo = movieDbApp;
		};
/* End PBXContainerItemProxy section */

/* Begin PBXFileReference section */
		0550A54E268E550300CFF88E /* MovieResponse.swift */ = {isa = PBXFileReference; lastKnownFileType = sourcecode.swift; path = MovieResponse.swift; sourceTree = "<group>"; };
		0550A550268E65AD00CFF88E /* MoviesViewController.swift */ = {isa = PBXFileReference; lastKnownFileType = sourcecode.swift; path = MoviesViewController.swift; sourceTree = "<group>"; };
		0550A553268E702800CFF88E /* UpcomingPresenterTest.swift */ = {isa = PBXFileReference; lastKnownFileType = sourcecode.swift; path = UpcomingPresenterTest.swift; sourceTree = "<group>"; };
		0550A556268E70EC00CFF88E /* MoviesAppPresenter.swift */ = {isa = PBXFileReference; lastKnownFileType = sourcecode.swift; path = MoviesAppPresenter.swift; sourceTree = "<group>"; };
		05BF73C7268D69DA008AA7AF /* TopRatedViewController.swift */ = {isa = PBXFileReference; lastKnownFileType = sourcecode.swift; path = TopRatedViewController.swift; sourceTree = "<group>"; };
		05BF73D4268D71E7008AA7AF /* MoviesContract.swift */ = {isa = PBXFileReference; lastKnownFileType = sourcecode.swift; path = MoviesContract.swift; sourceTree = "<group>"; };
		05BF73D6268D7317008AA7AF /* UpcomingPresenter.swift */ = {isa = PBXFileReference; lastKnownFileType = sourcecode.swift; path = UpcomingPresenter.swift; sourceTree = "<group>"; };
		05BF73E3268D7715008AA7AF /* JSONParameterEncoder.swift */ = {isa = PBXFileReference; lastKnownFileType = sourcecode.swift; name = JSONParameterEncoder.swift; path = ../Encoding/JSONParameterEncoder.swift; sourceTree = "<group>"; };
		05BF73E4268D7715008AA7AF /* ParameterEncoding.swift */ = {isa = PBXFileReference; lastKnownFileType = sourcecode.swift; name = ParameterEncoding.swift; path = ../Encoding/ParameterEncoding.swift; sourceTree = "<group>"; };
		05BF73E5268D7715008AA7AF /* URLParameterEncoding.swift */ = {isa = PBXFileReference; lastKnownFileType = sourcecode.swift; name = URLParameterEncoding.swift; path = ../Encoding/URLParameterEncoding.swift; sourceTree = "<group>"; };
		05C8C595268E9A5A00146E3D /* MockUpcomingView.swift */ = {isa = PBXFileReference; lastKnownFileType = sourcecode.swift; path = MockUpcomingView.swift; sourceTree = "<group>"; };
		05C8C597268E9EC700146E3D /* MockNetworkManager.swift */ = {isa = PBXFileReference; lastKnownFileType = sourcecode.swift; path = MockNetworkManager.swift; sourceTree = "<group>"; };
		05D4B942268D77EC003FF6B4 /* MovieEndPoint.swift */ = {isa = PBXFileReference; fileEncoding = 4; lastKnownFileType = sourcecode.swift; path = MovieEndPoint.swift; sourceTree = "<group>"; };
		05D4B944268D77FB003FF6B4 /* NetworkManager.swift */ = {isa = PBXFileReference; lastKnownFileType = sourcecode.swift; path = NetworkManager.swift; sourceTree = "<group>"; };
		05D4B948268D780F003FF6B4 /* HTTPTask.swift */ = {isa = PBXFileReference; fileEncoding = 4; lastKnownFileType = sourcecode.swift; name = HTTPTask.swift; path = ../Service/HTTPTask.swift; sourceTree = "<group>"; };
		05D4B949268D780F003FF6B4 /* NetworkLogger.swift */ = {isa = PBXFileReference; fileEncoding = 4; lastKnownFileType = sourcecode.swift; name = NetworkLogger.swift; path = ../Service/NetworkLogger.swift; sourceTree = "<group>"; };
		05D4B94A268D780F003FF6B4 /* EndPointType.swift */ = {isa = PBXFileReference; fileEncoding = 4; lastKnownFileType = sourcecode.swift; name = EndPointType.swift; path = ../Service/EndPointType.swift; sourceTree = "<group>"; };
		05D4B94B268D780F003FF6B4 /* HTTPMethod.swift */ = {isa = PBXFileReference; fileEncoding = 4; lastKnownFileType = sourcecode.swift; name = HTTPMethod.swift; path = ../Service/HTTPMethod.swift; sourceTree = "<group>"; };
		05D4B94C268D780F003FF6B4 /* NetworkROUTER.swift */ = {isa = PBXFileReference; fileEncoding = 4; lastKnownFileType = sourcecode.swift; name = NetworkROUTER.swift; path = ../Service/NetworkROUTER.swift; sourceTree = "<group>"; };
		05D4B954268D795E003FF6B4 /* Movie.swift */ = {isa = PBXFileReference; lastKnownFileType = sourcecode.swift; path = Movie.swift; sourceTree = "<group>"; };
		05DD7BCE268D4F2200EABAB5 /* movieDbApp.app */ = {isa = PBXFileReference; explicitFileType = wrapper.application; includeInIndex = 0; path = movieDbApp.app; sourceTree = BUILT_PRODUCTS_DIR; };
		05DD7BD1268D4F2200EABAB5 /* AppDelegate.swift */ = {isa = PBXFileReference; lastKnownFileType = sourcecode.swift; path = AppDelegate.swift; sourceTree = "<group>"; };
		05DD7BD3268D4F2200EABAB5 /* PopularViewController.swift */ = {isa = PBXFileReference; lastKnownFileType = sourcecode.swift; path = PopularViewController.swift; sourceTree = "<group>"; };
		05DD7BD5268D4F2200EABAB5 /* UpcomingViewController.swift */ = {isa = PBXFileReference; lastKnownFileType = sourcecode.swift; path = UpcomingViewController.swift; sourceTree = "<group>"; };
		05DD7BD8268D4F2200EABAB5 /* Base */ = {isa = PBXFileReference; lastKnownFileType = file.storyboard; name = Base; path = Base.lproj/Main.storyboard; sourceTree = "<group>"; };
		05DD7BDA268D4F2200EABAB5 /* Assets.xcassets */ = {isa = PBXFileReference; lastKnownFileType = folder.assetcatalog; path = Assets.xcassets; sourceTree = "<group>"; };
		05DD7BDD268D4F2200EABAB5 /* Base */ = {isa = PBXFileReference; lastKnownFileType = file.storyboard; name = Base; path = Base.lproj/LaunchScreen.storyboard; sourceTree = "<group>"; };
		05DD7BDF268D4F2200EABAB5 /* Info.plist */ = {isa = PBXFileReference; lastKnownFileType = text.plist.xml; path = Info.plist; sourceTree = "<group>"; };
		05DD7BE4268D4F2200EABAB5 /* movieDbAppTests.xctest */ = {isa = PBXFileReference; explicitFileType = wrapper.cfbundle; includeInIndex = 0; path = movieDbAppTests.xctest; sourceTree = BUILT_PRODUCTS_DIR; };
		05DD7BE8268D4F2200EABAB5 /* movieDbAppTests.swift */ = {isa = PBXFileReference; lastKnownFileType = sourcecode.swift; path = movieDbAppTests.swift; sourceTree = "<group>"; };
		05DD7BEA268D4F2200EABAB5 /* Info.plist */ = {isa = PBXFileReference; lastKnownFileType = text.plist.xml; path = Info.plist; sourceTree = "<group>"; };
		05EDBBC7268EABE600177B5F /* TopRatedPresenter.swift */ = {isa = PBXFileReference; lastKnownFileType = sourcecode.swift; path = TopRatedPresenter.swift; sourceTree = "<group>"; };
		05EDBBC9268EABF200177B5F /* PopularPresenter.swift */ = {isa = PBXFileReference; lastKnownFileType = sourcecode.swift; path = PopularPresenter.swift; sourceTree = "<group>"; };
		05EDBBCC268EB75400177B5F /* MovieCell.swift */ = {isa = PBXFileReference; lastKnownFileType = sourcecode.swift; path = MovieCell.swift; sourceTree = "<group>"; };
		05EDBBCF268ED7F100177B5F /* MovieDetailContract.swift */ = {isa = PBXFileReference; lastKnownFileType = sourcecode.swift; path = MovieDetailContract.swift; sourceTree = "<group>"; };
		05EDBBD1268ED7FC00177B5F /* MovieDetailPresenter.swift */ = {isa = PBXFileReference; lastKnownFileType = sourcecode.swift; path = MovieDetailPresenter.swift; sourceTree = "<group>"; };
		05EDBBD3268ED80900177B5F /* MovieDetailViewController.swift */ = {isa = PBXFileReference; lastKnownFileType = sourcecode.swift; path = MovieDetailViewController.swift; sourceTree = "<group>"; };
		05EDBBD7268EFA7D00177B5F /* MovieDetailPresenterTest.swift */ = {isa = PBXFileReference; lastKnownFileType = sourcecode.swift; path = MovieDetailPresenterTest.swift; sourceTree = "<group>"; };
		05EDBBD9268EFAE400177B5F /* MockDetailsView.swift */ = {isa = PBXFileReference; lastKnownFileType = sourcecode.swift; path = MockDetailsView.swift; sourceTree = "<group>"; };
/* End PBXFileReference section */

/* Begin PBXFrameworksBuildPhase section */
		05DD7BCB268D4F2200EABAB5 /* Frameworks */ = {
			isa = PBXFrameworksBuildPhase;
			buildActionMask = 2147483647;
			files = (
			);
			runOnlyForDeploymentPostprocessing = 0;
		};
		05DD7BE1268D4F2200EABAB5 /* Frameworks */ = {
			isa = PBXFrameworksBuildPhase;
			buildActionMask = 2147483647;
			files = (
			);
			runOnlyForDeploymentPostprocessing = 0;
		};
/* End PBXFrameworksBuildPhase section */

/* Begin PBXGroup section */
		0550A54D268E54DD00CFF88E /* Response */ = {
			isa = PBXGroup;
			children = (
				0550A54E268E550300CFF88E /* MovieResponse.swift */,
			);
			path = Response;
			sourceTree = "<group>";
		};
		0550A552268E6BDC00CFF88E /* Presenters */ = {
			isa = PBXGroup;
			children = (
				05C8C594268E9A1400146E3D /* Mocks */,
				0550A553268E702800CFF88E /* UpcomingPresenterTest.swift */,
				05EDBBD7268EFA7D00177B5F /* MovieDetailPresenterTest.swift */,
			);
			path = Presenters;
			sourceTree = "<group>";
		};
		0550A555268E70CE00CFF88E /* Modules */ = {
			isa = PBXGroup;
			children = (
				05EDBBCE268ED7D700177B5F /* MovieDetail */,
				05BF73C6268D62AE008AA7AF /* Upcoming */,
				05BF73C5268D62A7008AA7AF /* TopRated */,
				05BF73C4268D6242008AA7AF /* Popular */,
				05BF73D4268D71E7008AA7AF /* MoviesContract.swift */,
				0550A550268E65AD00CFF88E /* MoviesViewController.swift */,
				0550A556268E70EC00CFF88E /* MoviesAppPresenter.swift */,
			);
			path = Modules;
			sourceTree = "<group>";
		};
		05BF73C4268D6242008AA7AF /* Popular */ = {
			isa = PBXGroup;
			children = (
				05DD7BD3268D4F2200EABAB5 /* PopularViewController.swift */,
				05EDBBC9268EABF200177B5F /* PopularPresenter.swift */,
			);
			path = Popular;
			sourceTree = "<group>";
		};
		05BF73C5268D62A7008AA7AF /* TopRated */ = {
			isa = PBXGroup;
			children = (
				05BF73C7268D69DA008AA7AF /* TopRatedViewController.swift */,
				05EDBBC7268EABE600177B5F /* TopRatedPresenter.swift */,
			);
			path = TopRated;
			sourceTree = "<group>";
		};
		05BF73C6268D62AE008AA7AF /* Upcoming */ = {
			isa = PBXGroup;
			children = (
				05DD7BD5268D4F2200EABAB5 /* UpcomingViewController.swift */,
				05BF73D6268D7317008AA7AF /* UpcomingPresenter.swift */,
			);
			path = Upcoming;
			sourceTree = "<group>";
		};
		05BF73C9268D6C90008AA7AF /* Network */ = {
			isa = PBXGroup;
			children = (
				05D4B944268D77FB003FF6B4 /* NetworkManager.swift */,
				0550A54D268E54DD00CFF88E /* Response */,
				05D4B946268D7804003FF6B4 /* Service */,
				05D4B941268D77E3003FF6B4 /* Endpoint */,
				05D4B940268D77CA003FF6B4 /* Encoding */,
			);
			path = Network;
			sourceTree = "<group>";
		};
		05C8C594268E9A1400146E3D /* Mocks */ = {
			isa = PBXGroup;
			children = (
				05C8C595268E9A5A00146E3D /* MockUpcomingView.swift */,
				05C8C597268E9EC700146E3D /* MockNetworkManager.swift */,
				05EDBBD9268EFAE400177B5F /* MockDetailsView.swift */,
			);
			path = Mocks;
			sourceTree = "<group>";
		};
		05D4B940268D77CA003FF6B4 /* Encoding */ = {
			isa = PBXGroup;
			children = (
				05BF73E3268D7715008AA7AF /* JSONParameterEncoder.swift */,
				05BF73E4268D7715008AA7AF /* ParameterEncoding.swift */,
				05BF73E5268D7715008AA7AF /* URLParameterEncoding.swift */,
			);
			path = Encoding;
			sourceTree = "<group>";
		};
		05D4B941268D77E3003FF6B4 /* Endpoint */ = {
			isa = PBXGroup;
			children = (
				05D4B942268D77EC003FF6B4 /* MovieEndPoint.swift */,
			);
			path = Endpoint;
			sourceTree = "<group>";
		};
		05D4B946268D7804003FF6B4 /* Service */ = {
			isa = PBXGroup;
			children = (
				05D4B94A268D780F003FF6B4 /* EndPointType.swift */,
				05D4B94B268D780F003FF6B4 /* HTTPMethod.swift */,
				05D4B948268D780F003FF6B4 /* HTTPTask.swift */,
				05D4B949268D780F003FF6B4 /* NetworkLogger.swift */,
				05D4B94C268D780F003FF6B4 /* NetworkROUTER.swift */,
			);
			path = Service;
			sourceTree = "<group>";
		};
		05D4B953268D7952003FF6B4 /* Model */ = {
			isa = PBXGroup;
			children = (
				05D4B954268D795E003FF6B4 /* Movie.swift */,
			);
			path = Model;
			sourceTree = "<group>";
		};
		05DD7BC5268D4F2200EABAB5 = {
			isa = PBXGroup;
			children = (
				05DD7BD0268D4F2200EABAB5 /* movieDbApp */,
				05DD7BE7268D4F2200EABAB5 /* movieDbAppTests */,
				05DD7BCF268D4F2200EABAB5 /* Products */,
			);
			sourceTree = "<group>";
		};
		05DD7BCF268D4F2200EABAB5 /* Products */ = {
			isa = PBXGroup;
			children = (
				05DD7BCE268D4F2200EABAB5 /* movieDbApp.app */,
				05DD7BE4268D4F2200EABAB5 /* movieDbAppTests.xctest */,
			);
			name = Products;
			sourceTree = "<group>";
		};
		05DD7BD0268D4F2200EABAB5 /* movieDbApp */ = {
			isa = PBXGroup;
			children = (
				05EDBBCB268EB73100177B5F /* UI */,
				05D4B953268D7952003FF6B4 /* Model */,
				05BF73C9268D6C90008AA7AF /* Network */,
				0550A555268E70CE00CFF88E /* Modules */,
				05DD7BD1268D4F2200EABAB5 /* AppDelegate.swift */,
				05DD7BD7268D4F2200EABAB5 /* Main.storyboard */,
				05DD7BDA268D4F2200EABAB5 /* Assets.xcassets */,
				05DD7BDC268D4F2200EABAB5 /* LaunchScreen.storyboard */,
				05DD7BDF268D4F2200EABAB5 /* Info.plist */,
			);
			path = movieDbApp;
			sourceTree = "<group>";
		};
		05DD7BE7268D4F2200EABAB5 /* movieDbAppTests */ = {
			isa = PBXGroup;
			children = (
				0550A552268E6BDC00CFF88E /* Presenters */,
				05DD7BE8268D4F2200EABAB5 /* movieDbAppTests.swift */,
				05DD7BEA268D4F2200EABAB5 /* Info.plist */,
			);
			path = movieDbAppTests;
			sourceTree = "<group>";
		};
		05EDBBCB268EB73100177B5F /* UI */ = {
			isa = PBXGroup;
			children = (
				05EDBBCC268EB75400177B5F /* MovieCell.swift */,
			);
			path = UI;
			sourceTree = "<group>";
		};
		05EDBBCE268ED7D700177B5F /* MovieDetail */ = {
			isa = PBXGroup;
			children = (
				05EDBBCF268ED7F100177B5F /* MovieDetailContract.swift */,
				05EDBBD1268ED7FC00177B5F /* MovieDetailPresenter.swift */,
				05EDBBD3268ED80900177B5F /* MovieDetailViewController.swift */,
			);
			path = MovieDetail;
			sourceTree = "<group>";
		};
/* End PBXGroup section */

/* Begin PBXNativeTarget section */
		05DD7BCD268D4F2200EABAB5 /* movieDbApp */ = {
			isa = PBXNativeTarget;
			buildConfigurationList = 05DD7BED268D4F2200EABAB5 /* Build configuration list for PBXNativeTarget "movieDbApp" */;
			buildPhases = (
				05DD7BCA268D4F2200EABAB5 /* Sources */,
				05DD7BCB268D4F2200EABAB5 /* Frameworks */,
				05DD7BCC268D4F2200EABAB5 /* Resources */,
			);
			buildRules = (
			);
			dependencies = (
			);
			name = movieDbApp;
			productName = movieDbApp;
			productReference = 05DD7BCE268D4F2200EABAB5 /* movieDbApp.app */;
			productType = "com.apple.product-type.application";
		};
		05DD7BE3268D4F2200EABAB5 /* movieDbAppTests */ = {
			isa = PBXNativeTarget;
			buildConfigurationList = 05DD7BF0268D4F2200EABAB5 /* Build configuration list for PBXNativeTarget "movieDbAppTests" */;
			buildPhases = (
				05DD7BE0268D4F2200EABAB5 /* Sources */,
				05DD7BE1268D4F2200EABAB5 /* Frameworks */,
				05DD7BE2268D4F2200EABAB5 /* Resources */,
			);
			buildRules = (
			);
			dependencies = (
				05DD7BE6268D4F2200EABAB5 /* PBXTargetDependency */,
			);
			name = movieDbAppTests;
			productName = movieDbAppTests;
			productReference = 05DD7BE4268D4F2200EABAB5 /* movieDbAppTests.xctest */;
			productType = "com.apple.product-type.bundle.unit-test";
		};
/* End PBXNativeTarget section */

/* Begin PBXProject section */
		05DD7BC6268D4F2200EABAB5 /* Project object */ = {
			isa = PBXProject;
			attributes = {
				LastSwiftUpdateCheck = 0920;
				LastUpgradeCheck = 0920;
				ORGANIZATIONNAME = "Carlos Osejo";
				TargetAttributes = {
					05DD7BCD268D4F2200EABAB5 = {
						CreatedOnToolsVersion = 9.2;
						ProvisioningStyle = Automatic;
					};
					05DD7BE3268D4F2200EABAB5 = {
						CreatedOnToolsVersion = 9.2;
						ProvisioningStyle = Automatic;
						TestTargetID = 05DD7BCD268D4F2200EABAB5;
					};
				};
			};
			buildConfigurationList = 05DD7BC9268D4F2200EABAB5 /* Build configuration list for PBXProject "movieDbApp" */;
			compatibilityVersion = "Xcode 8.0";
			developmentRegion = en;
			hasScannedForEncodings = 0;
			knownRegions = (
				en,
				Base,
			);
			mainGroup = 05DD7BC5268D4F2200EABAB5;
			productRefGroup = 05DD7BCF268D4F2200EABAB5 /* Products */;
			projectDirPath = "";
			projectRoot = "";
			targets = (
				05DD7BCD268D4F2200EABAB5 /* movieDbApp */,
				05DD7BE3268D4F2200EABAB5 /* movieDbAppTests */,
			);
		};
/* End PBXProject section */

/* Begin PBXResourcesBuildPhase section */
		05DD7BCC268D4F2200EABAB5 /* Resources */ = {
			isa = PBXResourcesBuildPhase;
			buildActionMask = 2147483647;
			files = (
				05DD7BDE268D4F2200EABAB5 /* LaunchScreen.storyboard in Resources */,
				05DD7BDB268D4F2200EABAB5 /* Assets.xcassets in Resources */,
				05DD7BD9268D4F2200EABAB5 /* Main.storyboard in Resources */,
			);
			runOnlyForDeploymentPostprocessing = 0;
		};
		05DD7BE2268D4F2200EABAB5 /* Resources */ = {
			isa = PBXResourcesBuildPhase;
			buildActionMask = 2147483647;
			files = (
			);
			runOnlyForDeploymentPostprocessing = 0;
		};
/* End PBXResourcesBuildPhase section */

/* Begin PBXSourcesBuildPhase section */
		05DD7BCA268D4F2200EABAB5 /* Sources */ = {
			isa = PBXSourcesBuildPhase;
			buildActionMask = 2147483647;
			files = (
				05BF73E7268D7715008AA7AF /* ParameterEncoding.swift in Sources */,
				05BF73E6268D7715008AA7AF /* JSONParameterEncoder.swift in Sources */,
				05D4B950268D780F003FF6B4 /* EndPointType.swift in Sources */,
				05EDBBC8268EABE600177B5F /* TopRatedPresenter.swift in Sources */,
				05EDBBD4268ED80900177B5F /* MovieDetailViewController.swift in Sources */,
				05D4B951268D780F003FF6B4 /* HTTPMethod.swift in Sources */,
				05D4B94E268D780F003FF6B4 /* HTTPTask.swift in Sources */,
				05D4B94F268D780F003FF6B4 /* NetworkLogger.swift in Sources */,
				05D4B952268D780F003FF6B4 /* NetworkROUTER.swift in Sources */,
				05D4B955268D795E003FF6B4 /* Movie.swift in Sources */,
				05EDBBD2268ED7FC00177B5F /* MovieDetailPresenter.swift in Sources */,
				05BF73D7268D7317008AA7AF /* UpcomingPresenter.swift in Sources */,
				05BF73D5268D71E7008AA7AF /* MoviesContract.swift in Sources */,
				05DD7BD6268D4F2200EABAB5 /* UpcomingViewController.swift in Sources */,
				05EDBBCA268EABF200177B5F /* PopularPresenter.swift in Sources */,
				05EDBBD0268ED7F100177B5F /* MovieDetailContract.swift in Sources */,
				05BF73C8268D69DA008AA7AF /* TopRatedViewController.swift in Sources */,
				05DD7BD2268D4F2200EABAB5 /* AppDelegate.swift in Sources */,
				0550A551268E65AD00CFF88E /* MoviesViewController.swift in Sources */,
				05EDBBCD268EB75400177B5F /* MovieCell.swift in Sources */,
				05DD7BD4268D4F2200EABAB5 /* PopularViewController.swift in Sources */,
				05D4B943268D77EC003FF6B4 /* MovieEndPoint.swift in Sources */,
				0550A54F268E550300CFF88E /* MovieResponse.swift in Sources */,
				05D4B945268D77FB003FF6B4 /* NetworkManager.swift in Sources */,
				05BF73E8268D7715008AA7AF /* URLParameterEncoding.swift in Sources */,
				0550A557268E70EC00CFF88E /* MoviesAppPresenter.swift in Sources */,
			);
			runOnlyForDeploymentPostprocessing = 0;
		};
		05DD7BE0268D4F2200EABAB5 /* Sources */ = {
			isa = PBXSourcesBuildPhase;
			buildActionMask = 2147483647;
			files = (
				0550A554268E702800CFF88E /* UpcomingPresenterTest.swift in Sources */,
				05C8C596268E9A5A00146E3D /* MockUpcomingView.swift in Sources */,
				05C8C598268E9EC700146E3D /* MockNetworkManager.swift in Sources */,
				05EDBBDA268EFAE400177B5F /* MockDetailsView.swift in Sources */,
				05DD7BE9268D4F2200EABAB5 /* movieDbAppTests.swift in Sources */,
				05EDBBD8268EFA7D00177B5F /* MovieDetailPresenterTest.swift in Sources */,
			);
			runOnlyForDeploymentPostprocessing = 0;
		};
/* End PBXSourcesBuildPhase section */

/* Begin PBXTargetDependency section */
		05DD7BE6268D4F2200EABAB5 /* PBXTargetDependency */ = {
			isa = PBXTargetDependency;
			target = 05DD7BCD268D4F2200EABAB5 /* movieDbApp */;
			targetProxy = 05DD7BE5268D4F2200EABAB5 /* PBXContainerItemProxy */;
		};
/* End PBXTargetDependency section */

/* Begin PBXVariantGroup section */
		05DD7BD7268D4F2200EABAB5 /* Main.storyboard */ = {
			isa = PBXVariantGroup;
			children = (
				05DD7BD8268D4F2200EABAB5 /* Base */,
			);
			name = Main.storyboard;
			sourceTree = "<group>";
		};
		05DD7BDC268D4F2200EABAB5 /* LaunchScreen.storyboard */ = {
			isa = PBXVariantGroup;
			children = (
				05DD7BDD268D4F2200EABAB5 /* Base */,
			);
			name = LaunchScreen.storyboard;
			sourceTree = "<group>";
		};
/* End PBXVariantGroup section */

/* Begin XCBuildConfiguration section */
		05DD7BEB268D4F2200EABAB5 /* Debug */ = {
			isa = XCBuildConfiguration;
			buildSettings = {
				ALWAYS_SEARCH_USER_PATHS = NO;
				CLANG_ANALYZER_NONNULL = YES;
				CLANG_ANALYZER_NUMBER_OBJECT_CONVERSION = YES_AGGRESSIVE;
				CLANG_CXX_LANGUAGE_STANDARD = "gnu++14";
				CLANG_CXX_LIBRARY = "libc++";
				CLANG_ENABLE_MODULES = YES;
				CLANG_ENABLE_OBJC_ARC = YES;
				CLANG_WARN_BLOCK_CAPTURE_AUTORELEASING = YES;
				CLANG_WARN_BOOL_CONVERSION = YES;
				CLANG_WARN_COMMA = YES;
				CLANG_WARN_CONSTANT_CONVERSION = YES;
				CLANG_WARN_DIRECT_OBJC_ISA_USAGE = YES_ERROR;
				CLANG_WARN_DOCUMENTATION_COMMENTS = YES;
				CLANG_WARN_EMPTY_BODY = YES;
				CLANG_WARN_ENUM_CONVERSION = YES;
				CLANG_WARN_INFINITE_RECURSION = YES;
				CLANG_WARN_INT_CONVERSION = YES;
				CLANG_WARN_NON_LITERAL_NULL_CONVERSION = YES;
				CLANG_WARN_OBJC_LITERAL_CONVERSION = YES;
				CLANG_WARN_OBJC_ROOT_CLASS = YES_ERROR;
				CLANG_WARN_RANGE_LOOP_ANALYSIS = YES;
				CLANG_WARN_STRICT_PROTOTYPES = YES;
				CLANG_WARN_SUSPICIOUS_MOVE = YES;
				CLANG_WARN_UNGUARDED_AVAILABILITY = YES_AGGRESSIVE;
				CLANG_WARN_UNREACHABLE_CODE = YES;
				CLANG_WARN__DUPLICATE_METHOD_MATCH = YES;
				CODE_SIGN_IDENTITY = "iPhone Developer";
				COPY_PHASE_STRIP = NO;
				DEBUG_INFORMATION_FORMAT = dwarf;
				ENABLE_STRICT_OBJC_MSGSEND = YES;
				ENABLE_TESTABILITY = YES;
				GCC_C_LANGUAGE_STANDARD = gnu11;
				GCC_DYNAMIC_NO_PIC = NO;
				GCC_NO_COMMON_BLOCKS = YES;
				GCC_OPTIMIZATION_LEVEL = 0;
				GCC_PREPROCESSOR_DEFINITIONS = (
					"DEBUG=1",
					"$(inherited)",
				);
				GCC_WARN_64_TO_32_BIT_CONVERSION = YES;
				GCC_WARN_ABOUT_RETURN_TYPE = YES_ERROR;
				GCC_WARN_UNDECLARED_SELECTOR = YES;
				GCC_WARN_UNINITIALIZED_AUTOS = YES_AGGRESSIVE;
				GCC_WARN_UNUSED_FUNCTION = YES;
				GCC_WARN_UNUSED_VARIABLE = YES;
				IPHONEOS_DEPLOYMENT_TARGET = 11.2;
				MTL_ENABLE_DEBUG_INFO = YES;
				ONLY_ACTIVE_ARCH = YES;
				SDKROOT = iphoneos;
				SWIFT_ACTIVE_COMPILATION_CONDITIONS = DEBUG;
				SWIFT_OPTIMIZATION_LEVEL = "-Onone";
			};
			name = Debug;
		};
		05DD7BEC268D4F2200EABAB5 /* Release */ = {
			isa = XCBuildConfiguration;
			buildSettings = {
				ALWAYS_SEARCH_USER_PATHS = NO;
				CLANG_ANALYZER_NONNULL = YES;
				CLANG_ANALYZER_NUMBER_OBJECT_CONVERSION = YES_AGGRESSIVE;
				CLANG_CXX_LANGUAGE_STANDARD = "gnu++14";
				CLANG_CXX_LIBRARY = "libc++";
				CLANG_ENABLE_MODULES = YES;
				CLANG_ENABLE_OBJC_ARC = YES;
				CLANG_WARN_BLOCK_CAPTURE_AUTORELEASING = YES;
				CLANG_WARN_BOOL_CONVERSION = YES;
				CLANG_WARN_COMMA = YES;
				CLANG_WARN_CONSTANT_CONVERSION = YES;
				CLANG_WARN_DIRECT_OBJC_ISA_USAGE = YES_ERROR;
				CLANG_WARN_DOCUMENTATION_COMMENTS = YES;
				CLANG_WARN_EMPTY_BODY = YES;
				CLANG_WARN_ENUM_CONVERSION = YES;
				CLANG_WARN_INFINITE_RECURSION = YES;
				CLANG_WARN_INT_CONVERSION = YES;
				CLANG_WARN_NON_LITERAL_NULL_CONVERSION = YES;
				CLANG_WARN_OBJC_LITERAL_CONVERSION = YES;
				CLANG_WARN_OBJC_ROOT_CLASS = YES_ERROR;
				CLANG_WARN_RANGE_LOOP_ANALYSIS = YES;
				CLANG_WARN_STRICT_PROTOTYPES = YES;
				CLANG_WARN_SUSPICIOUS_MOVE = YES;
				CLANG_WARN_UNGUARDED_AVAILABILITY = YES_AGGRESSIVE;
				CLANG_WARN_UNREACHABLE_CODE = YES;
				CLANG_WARN__DUPLICATE_METHOD_MATCH = YES;
				CODE_SIGN_IDENTITY = "iPhone Developer";
				COPY_PHASE_STRIP = NO;
				DEBUG_INFORMATION_FORMAT = "dwarf-with-dsym";
				ENABLE_NS_ASSERTIONS = NO;
				ENABLE_STRICT_OBJC_MSGSEND = YES;
				GCC_C_LANGUAGE_STANDARD = gnu11;
				GCC_NO_COMMON_BLOCKS = YES;
				GCC_WARN_64_TO_32_BIT_CONVERSION = YES;
				GCC_WARN_ABOUT_RETURN_TYPE = YES_ERROR;
				GCC_WARN_UNDECLARED_SELECTOR = YES;
				GCC_WARN_UNINITIALIZED_AUTOS = YES_AGGRESSIVE;
				GCC_WARN_UNUSED_FUNCTION = YES;
				GCC_WARN_UNUSED_VARIABLE = YES;
				IPHONEOS_DEPLOYMENT_TARGET = 11.2;
				MTL_ENABLE_DEBUG_INFO = NO;
				SDKROOT = iphoneos;
				SWIFT_OPTIMIZATION_LEVEL = "-Owholemodule";
				VALIDATE_PRODUCT = YES;
			};
			name = Release;
		};
		05DD7BEE268D4F2200EABAB5 /* Debug */ = {
			isa = XCBuildConfiguration;
			buildSettings = {
				ASSETCATALOG_COMPILER_APPICON_NAME = AppIcon;
				CODE_SIGN_STYLE = Automatic;
				INFOPLIST_FILE = movieDbApp/Info.plist;
				LD_RUNPATH_SEARCH_PATHS = "$(inherited) @executable_path/Frameworks";
				PRODUCT_BUNDLE_IDENTIFIER = com.example.movieDbApp;
				PRODUCT_NAME = "$(TARGET_NAME)";
				SWIFT_VERSION = 4.0;
				TARGETED_DEVICE_FAMILY = 1;
			};
			name = Debug;
		};
		05DD7BEF268D4F2200EABAB5 /* Release */ = {
			isa = XCBuildConfiguration;
			buildSettings = {
				ASSETCATALOG_COMPILER_APPICON_NAME = AppIcon;
				CODE_SIGN_STYLE = Automatic;
				INFOPLIST_FILE = movieDbApp/Info.plist;
				LD_RUNPATH_SEARCH_PATHS = "$(inherited) @executable_path/Frameworks";
				PRODUCT_BUNDLE_IDENTIFIER = com.example.movieDbApp;
				PRODUCT_NAME = "$(TARGET_NAME)";
				SWIFT_VERSION = 4.0;
				TARGETED_DEVICE_FAMILY = 1;
			};
			name = Release;
		};
		05DD7BF1268D4F2200EABAB5 /* Debug */ = {
			isa = XCBuildConfiguration;
			buildSettings = {
				ALWAYS_EMBED_SWIFT_STANDARD_LIBRARIES = YES;
				BUNDLE_LOADER = "$(TEST_HOST)";
				CODE_SIGN_STYLE = Automatic;
				INFOPLIST_FILE = movieDbAppTests/Info.plist;
				LD_RUNPATH_SEARCH_PATHS = "$(inherited) @executable_path/Frameworks @loader_path/Frameworks";
				PRODUCT_BUNDLE_IDENTIFIER = com.example.movieDbAppTests;
				PRODUCT_NAME = "$(TARGET_NAME)";
				SWIFT_VERSION = 4.0;
				TARGETED_DEVICE_FAMILY = "1,2";
				TEST_HOST = "$(BUILT_PRODUCTS_DIR)/movieDbApp.app/movieDbApp";
			};
			name = Debug;
		};
		05DD7BF2268D4F2200EABAB5 /* Release */ = {
			isa = XCBuildConfiguration;
			buildSettings = {
				ALWAYS_EMBED_SWIFT_STANDARD_LIBRARIES = YES;
				BUNDLE_LOADER = "$(TEST_HOST)";
				CODE_SIGN_STYLE = Automatic;
				INFOPLIST_FILE = movieDbAppTests/Info.plist;
				LD_RUNPATH_SEARCH_PATHS = "$(inherited) @executable_path/Frameworks @loader_path/Frameworks";
				PRODUCT_BUNDLE_IDENTIFIER = com.example.movieDbAppTests;
				PRODUCT_NAME = "$(TARGET_NAME)";
				SWIFT_VERSION = 4.0;
				TARGETED_DEVICE_FAMILY = "1,2";
				TEST_HOST = "$(BUILT_PRODUCTS_DIR)/movieDbApp.app/movieDbApp";
			};
			name = Release;
		};
/* End XCBuildConfiguration section */

/* Begin XCConfigurationList section */
		05DD7BC9268D4F2200EABAB5 /* Build configuration list for PBXProject "movieDbApp" */ = {
			isa = XCConfigurationList;
			buildConfigurations = (
				05DD7BEB268D4F2200EABAB5 /* Debug */,
				05DD7BEC268D4F2200EABAB5 /* Release */,
			);
			defaultConfigurationIsVisible = 0;
			defaultConfigurationName = Release;
		};
		05DD7BED268D4F2200EABAB5 /* Build configuration list for PBXNativeTarget "movieDbApp" */ = {
			isa = XCConfigurationList;
			buildConfigurations = (
				05DD7BEE268D4F2200EABAB5 /* Debug */,
				05DD7BEF268D4F2200EABAB5 /* Release */,
			);
			defaultConfigurationIsVisible = 0;
			defaultConfigurationName = Release;
		};
		05DD7BF0268D4F2200EABAB5 /* Build configuration list for PBXNativeTarget "movieDbAppTests" */ = {
			isa = XCConfigurationList;
			buildConfigurations = (
				05DD7BF1268D4F2200EABAB5 /* Debug */,
				05DD7BF2268D4F2200EABAB5 /* Release */,
			);
			defaultConfigurationIsVisible = 0;
			defaultConfigurationName = Release;
		};
/* End XCConfigurationList section */
	};
	rootObject = 05DD7BC6268D4F2200EABAB5 /* Project object */;
}
